
Microsoft Visual Studio Solution File, Format Version 12.00
# Visual Studio 15
VisualStudioVersion = 15.0.27428.2027
MinimumVisualStudioVersion = 10.0.40219.1
Project("{FAE04EC0-301F-11D3-BF4B-00C04F79EFBC}") = "SqlBulkCopyDemo", "SqlBulkCopyDemo\SqlBulkCopyDemo.csproj", "{5094D57B-5659-45CD-A12B-0273ABFB8564}"
EndProject
Global
	GlobalSection(SolutionConfigurationPlatforms) = preSolution
		Debug|Any CPU = Debug|Any CPU
		Release|Any CPU = Release|Any CPU
	EndGlobalSection
	GlobalSection(ProjectConfigurationPlatforms) = postSolution
		{5094D57B-5659-45CD-A12B-0273ABFB8564}.Debug|Any CPU.ActiveCfg = Debug|Any CPU
		{5094D57B-5659-45CD-A12B-0273ABFB8564}.Debug|Any CPU.Build.0 = Debug|Any CPU
		{5094D57B-5659-45CD-A12B-0273ABFB8564}.Release|Any CPU.ActiveCfg = Release|Any CPU
		{5094D57B-5659-45CD-A12B-0273ABFB8564}.Release|Any CPU.Build.0 = Release|Any CPU
	EndGlobalSection
	GlobalSection(SolutionProperties) = preSolution
		HideSolutionNode = FALSE
	EndGlobalSection
	GlobalSection(ExtensibilityGlobals) = postSolution
		SolutionGuid = {DDCB95D5-026C-47C6-844E-04BEDEF0940E}
	EndGlobalSection
EndGlobal
